
Microsoft Visual Studio Solution File, Format Version 12.00
# Visual Studio Version 16
VisualStudioVersion = 16.0.32901.82
MinimumVisualStudioVersion = 10.0.40219.1
Project("{C9674DCB-5085-4A16-B785-4C70DD1589BD}") = "SimpleETLDBInde", "SimpleETLDBInde\SimpleETLDBInde.dtproj", "{22C13B70-6D10-45F4-805C-86871CD60F62}"
EndProject
Global
	GlobalSection(SolutionConfigurationPlatforms) = preSolution
		Development|Default = Development|Default
	EndGlobalSection
	GlobalSection(ProjectConfigurationPlatforms) = postSolution
		{22C13B70-6D10-45F4-805C-86871CD60F62}.Development|Default.ActiveCfg = Development
		{22C13B70-6D10-45F4-805C-86871CD60F62}.Development|Default.Build.0 = Development
	EndGlobalSection
	GlobalSection(SolutionProperties) = preSolution
		HideSolutionNode = FALSE
	EndGlobalSection
	GlobalSection(ExtensibilityGlobals) = postSolution
		SolutionGuid = {912E301C-F73E-4FA3-B1C1-DBC188EB6457}
	EndGlobalSection
EndGlobal
